
Microsoft Visual Studio Solution File, Format Version 12.00
# Visual Studio Version 17
VisualStudioVersion = 17.8.34511.84
MinimumVisualStudioVersion = 10.0.40219.1
Project("{FAE04EC0-301F-11D3-BF4B-00C04F79EFBC}") = "EDP_Act4_Fin", "EDP_Act4_Fin\EDP_Act4_Fin.csproj", "{39F561F3-7842-49D5-BBB8-7E75183396EC}"
EndProject
Global
	GlobalSection(SolutionConfigurationPlatforms) = preSolution
		Debug|Any CPU = Debug|Any CPU
		Release|Any CPU = Release|Any CPU
	EndGlobalSection
	GlobalSection(ProjectConfigurationPlatforms) = postSolution
		{39F561F3-7842-49D5-BBB8-7E75183396EC}.Debug|Any CPU.ActiveCfg = Debug|Any CPU
		{39F561F3-7842-49D5-BBB8-7E75183396EC}.Debug|Any CPU.Build.0 = Debug|Any CPU
		{39F561F3-7842-49D5-BBB8-7E75183396EC}.Release|Any CPU.ActiveCfg = Release|Any CPU
		{39F561F3-7842-49D5-BBB8-7E75183396EC}.Release|Any CPU.Build.0 = Release|Any CPU
	EndGlobalSection
	GlobalSection(SolutionProperties) = preSolution
		HideSolutionNode = FALSE
	EndGlobalSection
	GlobalSection(ExtensibilityGlobals) = postSolution
		SolutionGuid = {4653E406-F04D-4AD4-9A8C-530C2B32FEED}
	EndGlobalSection
EndGlobal
